
Microsoft Visual Studio Solution File, Format Version 12.00
# Visual Studio Version 17
VisualStudioVersion = 17.6.33829.357
MinimumVisualStudioVersion = 10.0.40219.1
Project("{FAE04EC0-301F-11D3-BF4B-00C04F79EFBC}") = "CountClick", "CountClick\CountClick.csproj", "{427D0112-B36F-403B-ADCD-10D7B18A791B}"
EndProject
Global
	GlobalSection(SolutionConfigurationPlatforms) = preSolution
		Debug|Any CPU = Debug|Any CPU
		Release|Any CPU = Release|Any CPU
	EndGlobalSection
	GlobalSection(ProjectConfigurationPlatforms) = postSolution
		{427D0112-B36F-403B-ADCD-10D7B18A791B}.Debug|Any CPU.ActiveCfg = Debug|Any CPU
		{427D0112-B36F-403B-ADCD-10D7B18A791B}.Debug|Any CPU.Build.0 = Debug|Any CPU
		{427D0112-B36F-403B-ADCD-10D7B18A791B}.Release|Any CPU.ActiveCfg = Release|Any CPU
		{427D0112-B36F-403B-ADCD-10D7B18A791B}.Release|Any CPU.Build.0 = Release|Any CPU
	EndGlobalSection
	GlobalSection(SolutionProperties) = preSolution
		HideSolutionNode = FALSE
	EndGlobalSection
	GlobalSection(ExtensibilityGlobals) = postSolution
		SolutionGuid = {4BCF0875-8892-490C-BF0A-907A030D0881}
	EndGlobalSection
EndGlobal
